
Microsoft Visual Studio Solution File, Format Version 12.00
# Visual Studio Version 17
VisualStudioVersion = 17.0.32112.339
MinimumVisualStudioVersion = 10.0.40219.1
Project("{9A19103F-16F7-4668-BE54-9A1E7A4F7556}") = "ClassLibrary", "ClassLibrary\ClassLibrary.csproj", "{44444DF5-B908-4AD4-AA73-BA5436A07B4F}"
	ProjectSection(ProjectDependencies) = postProject
		{0439C7FE-340C-488D-98E5-29F3EB58F15E} = {0439C7FE-340C-488D-98E5-29F3EB58F15E}
	EndProjectSection
EndProject
Project("{8BC9CEB8-8B4A-11D0-8D11-00A0C91BC942}") = "Dll", "Dll\Dll.vcxproj", "{0439C7FE-340C-488D-98E5-29F3EB58F15E}"
EndProject
Project("{9A19103F-16F7-4668-BE54-9A1E7A4F7556}") = "WpfApp1", "WpfApp1\WpfApp1.csproj", "{1DD3B20B-0265-4BA5-997C-790A9BADC648}"
	ProjectSection(ProjectDependencies) = postProject
		{0439C7FE-340C-488D-98E5-29F3EB58F15E} = {0439C7FE-340C-488D-98E5-29F3EB58F15E}
	EndProjectSection
EndProject
Global
	GlobalSection(SolutionConfigurationPlatforms) = preSolution
		Debug|Any CPU = Debug|Any CPU
		Debug|Win32 = Debug|Win32
		Debug|x64 = Debug|x64
		Debug|x86 = Debug|x86
		Release|Any CPU = Release|Any CPU
		Release|Win32 = Release|Win32
		Release|x64 = Release|x64
		Release|x86 = Release|x86
	EndGlobalSection
	GlobalSection(ProjectConfigurationPlatforms) = postSolution
		{44444DF5-B908-4AD4-AA73-BA5436A07B4F}.Debug|Any CPU.ActiveCfg = Debug|Any CPU
		{44444DF5-B908-4AD4-AA73-BA5436A07B4F}.Debug|Any CPU.Build.0 = Debug|Any CPU
		{44444DF5-B908-4AD4-AA73-BA5436A07B4F}.Debug|Win32.ActiveCfg = Debug|Any CPU
		{44444DF5-B908-4AD4-AA73-BA5436A07B4F}.Debug|Win32.Build.0 = Debug|Any CPU
		{44444DF5-B908-4AD4-AA73-BA5436A07B4F}.Debug|x64.ActiveCfg = Debug|Any CPU
		{44444DF5-B908-4AD4-AA73-BA5436A07B4F}.Debug|x64.Build.0 = Debug|Any CPU
		{44444DF5-B908-4AD4-AA73-BA5436A07B4F}.Debug|x86.ActiveCfg = Debug|Any CPU
		{44444DF5-B908-4AD4-AA73-BA5436A07B4F}.Debug|x86.Build.0 = Debug|Any CPU
		{44444DF5-B908-4AD4-AA73-BA5436A07B4F}.Release|Any CPU.ActiveCfg = Release|Any CPU
		{44444DF5-B908-4AD4-AA73-BA5436A07B4F}.Release|Any CPU.Build.0 = Release|Any CPU
		{44444DF5-B908-4AD4-AA73-BA5436A07B4F}.Release|Win32.ActiveCfg = Release|Any CPU
		{44444DF5-B908-4AD4-AA73-BA5436A07B4F}.Release|Win32.Build.0 = Release|Any CPU
		{44444DF5-B908-4AD4-AA73-BA5436A07B4F}.Release|x64.ActiveCfg = Release|Any CPU
		{44444DF5-B908-4AD4-AA73-BA5436A07B4F}.Release|x64.Build.0 = Release|Any CPU
		{44444DF5-B908-4AD4-AA73-BA5436A07B4F}.Release|x86.ActiveCfg = Release|Any CPU
		{44444DF5-B908-4AD4-AA73-BA5436A07B4F}.Release|x86.Build.0 = Release|Any CPU
		{0439C7FE-340C-488D-98E5-29F3EB58F15E}.Debug|Any CPU.ActiveCfg = Debug|x64
		{0439C7FE-340C-488D-98E5-29F3EB58F15E}.Debug|Any CPU.Build.0 = Debug|x64
		{0439C7FE-340C-488D-98E5-29F3EB58F15E}.Debug|Win32.ActiveCfg = Debug|Win32
		{0439C7FE-340C-488D-98E5-29F3EB58F15E}.Debug|Win32.Build.0 = Debug|Win32
		{0439C7FE-340C-488D-98E5-29F3EB58F15E}.Debug|x64.ActiveCfg = Debug|x64
		{0439C7FE-340C-488D-98E5-29F3EB58F15E}.Debug|x64.Build.0 = Debug|x64
		{0439C7FE-340C-488D-98E5-29F3EB58F15E}.Debug|x86.ActiveCfg = Debug|Win32
		{0439C7FE-340C-488D-98E5-29F3EB58F15E}.Debug|x86.Build.0 = Debug|Win32
		{0439C7FE-340C-488D-98E5-29F3EB58F15E}.Release|Any CPU.ActiveCfg = Release|x64
		{0439C7FE-340C-488D-98E5-29F3EB58F15E}.Release|Any CPU.Build.0 = Release|x64
		{0439C7FE-340C-488D-98E5-29F3EB58F15E}.Release|Win32.ActiveCfg = Release|Win32
		{0439C7FE-340C-488D-98E5-29F3EB58F15E}.Release|Win32.Build.0 = Release|Win32
		{0439C7FE-340C-488D-98E5-29F3EB58F15E}.Release|x64.ActiveCfg = Release|x64
		{0439C7FE-340C-488D-98E5-29F3EB58F15E}.Release|x64.Build.0 = Release|x64
		{0439C7FE-340C-488D-98E5-29F3EB58F15E}.Release|x86.ActiveCfg = Release|Win32
		{0439C7FE-340C-488D-98E5-29F3EB58F15E}.Release|x86.Build.0 = Release|Win32
		{1DD3B20B-0265-4BA5-997C-790A9BADC648}.Debug|Any CPU.ActiveCfg = Debug|Any CPU
		{1DD3B20B-0265-4BA5-997C-790A9BADC648}.Debug|Any CPU.Build.0 = Debug|Any CPU
		{1DD3B20B-0265-4BA5-997C-790A9BADC648}.Debug|Win32.ActiveCfg = Debug|Any CPU
		{1DD3B20B-0265-4BA5-997C-790A9BADC648}.Debug|Win32.Build.0 = Debug|Any CPU
		{1DD3B20B-0265-4BA5-997C-790A9BADC648}.Debug|x64.ActiveCfg = Debug|Any CPU
		{1DD3B20B-0265-4BA5-997C-790A9BADC648}.Debug|x64.Build.0 = Debug|Any CPU
		{1DD3B20B-0265-4BA5-997C-790A9BADC648}.Debug|x86.ActiveCfg = Debug|Any CPU
		{1DD3B20B-0265-4BA5-997C-790A9BADC648}.Debug|x86.Build.0 = Debug|Any CPU
		{1DD3B20B-0265-4BA5-997C-790A9BADC648}.Release|Any CPU.ActiveCfg = Release|Any CPU
		{1DD3B20B-0265-4BA5-997C-790A9BADC648}.Release|Any CPU.Build.0 = Release|Any CPU
		{1DD3B20B-0265-4BA5-997C-790A9BADC648}.Release|Win32.ActiveCfg = Release|Any CPU
		{1DD3B20B-0265-4BA5-997C-790A9BADC648}.Release|Win32.Build.0 = Release|Any CPU
		{1DD3B20B-0265-4BA5-997C-790A9BADC648}.Release|x64.ActiveCfg = Release|Any CPU
		{1DD3B20B-0265-4BA5-997C-790A9BADC648}.Release|x64.Build.0 = Release|Any CPU
		{1DD3B20B-0265-4BA5-997C-790A9BADC648}.Release|x86.ActiveCfg = Release|Any CPU
		{1DD3B20B-0265-4BA5-997C-790A9BADC648}.Release|x86.Build.0 = Release|Any CPU
	EndGlobalSection
	GlobalSection(SolutionProperties) = preSolution
		HideSolutionNode = FALSE
	EndGlobalSection
	GlobalSection(ExtensibilityGlobals) = postSolution
		SolutionGuid = {B9B98D4D-F8D8-431F-BB9D-EEE47F026056}
	EndGlobalSection
EndGlobal
